
Microsoft Visual Studio Solution File, Format Version 12.00
# Visual Studio Version 17
VisualStudioVersion = 17.0.31912.275
MinimumVisualStudioVersion = 10.0.40219.1
Project("{2150E333-8FDC-42A3-9474-1A3956D46DE8}") = "Framework", "Framework", "{4F2CA2D8-092D-4480-B83F-ECF6703EFA57}"
EndProject
Project("{9A19103F-16F7-4668-BE54-9A1E7A4F7556}") = "Repository.Pattern", "Repository.Pattern\Repository.Pattern.csproj", "{CD0E6005-A5EE-46D8-BB8B-EA75F5317AA7}"
EndProject
Project("{9A19103F-16F7-4668-BE54-9A1E7A4F7556}") = "Repository.Pattern.EF", "Repository.Pattern.EF\Repository.Pattern.EF.csproj", "{7650F334-F6FC-424A-9525-8539711500E6}"
EndProject
Project("{9A19103F-16F7-4668-BE54-9A1E7A4F7556}") = "Service.Pattern", "Service.Pattern\Service.Pattern.csproj", "{E2D3A9D8-1FDC-4E07-BDB5-631353E2DC76}"
EndProject
Project("{9A19103F-16F7-4668-BE54-9A1E7A4F7556}") = "RquestContext", "RquestContext\RquestContext.csproj", "{6BC04C92-B014-4B75-94C8-10F799E51841}"
EndProject
Project("{9A19103F-16F7-4668-BE54-9A1E7A4F7556}") = "SwapIt.BusinessLogic", "SwapIt.BusinessLogic\SwapIt.BusinessLogic.csproj", "{E4151EE8-A498-4235-A016-7B551C8118BB}"
EndProject
Project("{9A19103F-16F7-4668-BE54-9A1E7A4F7556}") = "SwapIt.Data", "SwapIt.Data\SwapIt.Data.csproj", "{6878CE67-93D7-4625-986C-5CE8F8503750}"
EndProject
Project("{9A19103F-16F7-4668-BE54-9A1E7A4F7556}") = "SwapIt.Api", "SwapIt.InternalApi\SwapIt.Api.csproj", "{B118DA92-A8F6-4E1E-9D50-9EBDB1A24D9A}"
EndProject
Project("{9A19103F-16F7-4668-BE54-9A1E7A4F7556}") = "SwapIt.Repository", "SwapIt.Repository\SwapIt.Repository.csproj", "{C81B47E4-424F-421E-85E1-DC0D0B4F70BD}"
EndProject
Project("{9A19103F-16F7-4668-BE54-9A1E7A4F7556}") = "SwapIt.Mapper", "SwapIt.Mapper\SwapIt.Mapper.csproj", "{A893C801-75E9-4328-9BF9-6C4FADE63B4E}"
EndProject
Global
	GlobalSection(SolutionConfigurationPlatforms) = preSolution
		Debug|Any CPU = Debug|Any CPU
		Debug|x86 = Debug|x86
		Release|Any CPU = Release|Any CPU
		Release|x86 = Release|x86
	EndGlobalSection
	GlobalSection(ProjectConfigurationPlatforms) = postSolution
		{CD0E6005-A5EE-46D8-BB8B-EA75F5317AA7}.Debug|Any CPU.ActiveCfg = Debug|Any CPU
		{CD0E6005-A5EE-46D8-BB8B-EA75F5317AA7}.Debug|Any CPU.Build.0 = Debug|Any CPU
		{CD0E6005-A5EE-46D8-BB8B-EA75F5317AA7}.Debug|x86.ActiveCfg = Debug|Any CPU
		{CD0E6005-A5EE-46D8-BB8B-EA75F5317AA7}.Debug|x86.Build.0 = Debug|Any CPU
		{CD0E6005-A5EE-46D8-BB8B-EA75F5317AA7}.Release|Any CPU.ActiveCfg = Release|Any CPU
		{CD0E6005-A5EE-46D8-BB8B-EA75F5317AA7}.Release|Any CPU.Build.0 = Release|Any CPU
		{CD0E6005-A5EE-46D8-BB8B-EA75F5317AA7}.Release|x86.ActiveCfg = Release|Any CPU
		{CD0E6005-A5EE-46D8-BB8B-EA75F5317AA7}.Release|x86.Build.0 = Release|Any CPU
		{7650F334-F6FC-424A-9525-8539711500E6}.Debug|Any CPU.ActiveCfg = Debug|Any CPU
		{7650F334-F6FC-424A-9525-8539711500E6}.Debug|Any CPU.Build.0 = Debug|Any CPU
		{7650F334-F6FC-424A-9525-8539711500E6}.Debug|x86.ActiveCfg = Debug|Any CPU
		{7650F334-F6FC-424A-9525-8539711500E6}.Debug|x86.Build.0 = Debug|Any CPU
		{7650F334-F6FC-424A-9525-8539711500E6}.Release|Any CPU.ActiveCfg = Release|Any CPU
		{7650F334-F6FC-424A-9525-8539711500E6}.Release|Any CPU.Build.0 = Release|Any CPU
		{7650F334-F6FC-424A-9525-8539711500E6}.Release|x86.ActiveCfg = Release|Any CPU
		{7650F334-F6FC-424A-9525-8539711500E6}.Release|x86.Build.0 = Release|Any CPU
		{E2D3A9D8-1FDC-4E07-BDB5-631353E2DC76}.Debug|Any CPU.ActiveCfg = Debug|Any CPU
		{E2D3A9D8-1FDC-4E07-BDB5-631353E2DC76}.Debug|Any CPU.Build.0 = Debug|Any CPU
		{E2D3A9D8-1FDC-4E07-BDB5-631353E2DC76}.Debug|x86.ActiveCfg = Debug|Any CPU
		{E2D3A9D8-1FDC-4E07-BDB5-631353E2DC76}.Debug|x86.Build.0 = Debug|Any CPU
		{E2D3A9D8-1FDC-4E07-BDB5-631353E2DC76}.Release|Any CPU.ActiveCfg = Release|Any CPU
		{E2D3A9D8-1FDC-4E07-BDB5-631353E2DC76}.Release|Any CPU.Build.0 = Release|Any CPU
		{E2D3A9D8-1FDC-4E07-BDB5-631353E2DC76}.Release|x86.ActiveCfg = Release|Any CPU
		{E2D3A9D8-1FDC-4E07-BDB5-631353E2DC76}.Release|x86.Build.0 = Release|Any CPU
		{6BC04C92-B014-4B75-94C8-10F799E51841}.Debug|Any CPU.ActiveCfg = Debug|Any CPU
		{6BC04C92-B014-4B75-94C8-10F799E51841}.Debug|Any CPU.Build.0 = Debug|Any CPU
		{6BC04C92-B014-4B75-94C8-10F799E51841}.Debug|x86.ActiveCfg = Debug|Any CPU
		{6BC04C92-B014-4B75-94C8-10F799E51841}.Debug|x86.Build.0 = Debug|Any CPU
		{6BC04C92-B014-4B75-94C8-10F799E51841}.Release|Any CPU.ActiveCfg = Release|Any CPU
		{6BC04C92-B014-4B75-94C8-10F799E51841}.Release|Any CPU.Build.0 = Release|Any CPU
		{6BC04C92-B014-4B75-94C8-10F799E51841}.Release|x86.ActiveCfg = Release|Any CPU
		{6BC04C92-B014-4B75-94C8-10F799E51841}.Release|x86.Build.0 = Release|Any CPU
		{E4151EE8-A498-4235-A016-7B551C8118BB}.Debug|Any CPU.ActiveCfg = Debug|Any CPU
		{E4151EE8-A498-4235-A016-7B551C8118BB}.Debug|Any CPU.Build.0 = Debug|Any CPU
		{E4151EE8-A498-4235-A016-7B551C8118BB}.Debug|x86.ActiveCfg = Debug|Any CPU
		{E4151EE8-A498-4235-A016-7B551C8118BB}.Debug|x86.Build.0 = Debug|Any CPU
		{E4151EE8-A498-4235-A016-7B551C8118BB}.Release|Any CPU.ActiveCfg = Release|Any CPU
		{E4151EE8-A498-4235-A016-7B551C8118BB}.Release|Any CPU.Build.0 = Release|Any CPU
		{E4151EE8-A498-4235-A016-7B551C8118BB}.Release|x86.ActiveCfg = Release|Any CPU
		{E4151EE8-A498-4235-A016-7B551C8118BB}.Release|x86.Build.0 = Release|Any CPU
		{6878CE67-93D7-4625-986C-5CE8F8503750}.Debug|Any CPU.ActiveCfg = Debug|Any CPU
		{6878CE67-93D7-4625-986C-5CE8F8503750}.Debug|Any CPU.Build.0 = Debug|Any CPU
		{6878CE67-93D7-4625-986C-5CE8F8503750}.Debug|x86.ActiveCfg = Debug|Any CPU
		{6878CE67-93D7-4625-986C-5CE8F8503750}.Debug|x86.Build.0 = Debug|Any CPU
		{6878CE67-93D7-4625-986C-5CE8F8503750}.Release|Any CPU.ActiveCfg = Release|Any CPU
		{6878CE67-93D7-4625-986C-5CE8F8503750}.Release|Any CPU.Build.0 = Release|Any CPU
		{6878CE67-93D7-4625-986C-5CE8F8503750}.Release|x86.ActiveCfg = Release|Any CPU
		{6878CE67-93D7-4625-986C-5CE8F8503750}.Release|x86.Build.0 = Release|Any CPU
		{B118DA92-A8F6-4E1E-9D50-9EBDB1A24D9A}.Debug|Any CPU.ActiveCfg = Debug|Any CPU
		{B118DA92-A8F6-4E1E-9D50-9EBDB1A24D9A}.Debug|Any CPU.Build.0 = Debug|Any CPU
		{B118DA92-A8F6-4E1E-9D50-9EBDB1A24D9A}.Debug|x86.ActiveCfg = Debug|Any CPU
		{B118DA92-A8F6-4E1E-9D50-9EBDB1A24D9A}.Debug|x86.Build.0 = Debug|Any CPU
		{B118DA92-A8F6-4E1E-9D50-9EBDB1A24D9A}.Release|Any CPU.ActiveCfg = Release|Any CPU
		{B118DA92-A8F6-4E1E-9D50-9EBDB1A24D9A}.Release|Any CPU.Build.0 = Release|Any CPU
		{B118DA92-A8F6-4E1E-9D50-9EBDB1A24D9A}.Release|x86.ActiveCfg = Release|Any CPU
		{B118DA92-A8F6-4E1E-9D50-9EBDB1A24D9A}.Release|x86.Build.0 = Release|Any CPU
		{C81B47E4-424F-421E-85E1-DC0D0B4F70BD}.Debug|Any CPU.ActiveCfg = Debug|Any CPU
		{C81B47E4-424F-421E-85E1-DC0D0B4F70BD}.Debug|Any CPU.Build.0 = Debug|Any CPU
		{C81B47E4-424F-421E-85E1-DC0D0B4F70BD}.Debug|x86.ActiveCfg = Debug|Any CPU
		{C81B47E4-424F-421E-85E1-DC0D0B4F70BD}.Debug|x86.Build.0 = Debug|Any CPU
		{C81B47E4-424F-421E-85E1-DC0D0B4F70BD}.Release|Any CPU.ActiveCfg = Release|Any CPU
		{C81B47E4-424F-421E-85E1-DC0D0B4F70BD}.Release|Any CPU.Build.0 = Release|Any CPU
		{C81B47E4-424F-421E-85E1-DC0D0B4F70BD}.Release|x86.ActiveCfg = Release|Any CPU
		{C81B47E4-424F-421E-85E1-DC0D0B4F70BD}.Release|x86.Build.0 = Release|Any CPU
		{A893C801-75E9-4328-9BF9-6C4FADE63B4E}.Debug|Any CPU.ActiveCfg = Debug|Any CPU
		{A893C801-75E9-4328-9BF9-6C4FADE63B4E}.Debug|Any CPU.Build.0 = Debug|Any CPU
		{A893C801-75E9-4328-9BF9-6C4FADE63B4E}.Debug|x86.ActiveCfg = Debug|Any CPU
		{A893C801-75E9-4328-9BF9-6C4FADE63B4E}.Debug|x86.Build.0 = Debug|Any CPU
		{A893C801-75E9-4328-9BF9-6C4FADE63B4E}.Release|Any CPU.ActiveCfg = Release|Any CPU
		{A893C801-75E9-4328-9BF9-6C4FADE63B4E}.Release|Any CPU.Build.0 = Release|Any CPU
		{A893C801-75E9-4328-9BF9-6C4FADE63B4E}.Release|x86.ActiveCfg = Release|Any CPU
		{A893C801-75E9-4328-9BF9-6C4FADE63B4E}.Release|x86.Build.0 = Release|Any CPU
	EndGlobalSection
	GlobalSection(SolutionProperties) = preSolution
		HideSolutionNode = FALSE
	EndGlobalSection
	GlobalSection(NestedProjects) = preSolution
		{CD0E6005-A5EE-46D8-BB8B-EA75F5317AA7} = {4F2CA2D8-092D-4480-B83F-ECF6703EFA57}
		{7650F334-F6FC-424A-9525-8539711500E6} = {4F2CA2D8-092D-4480-B83F-ECF6703EFA57}
		{E2D3A9D8-1FDC-4E07-BDB5-631353E2DC76} = {4F2CA2D8-092D-4480-B83F-ECF6703EFA57}
		{6BC04C92-B014-4B75-94C8-10F799E51841} = {4F2CA2D8-092D-4480-B83F-ECF6703EFA57}
	EndGlobalSection
	GlobalSection(ExtensibilityGlobals) = postSolution
		SolutionGuid = {76F020D6-6942-4A3C-B80D-3AFE7949E122}
	EndGlobalSection
EndGlobal
